
Microsoft Visual Studio Solution File, Format Version 12.00
Project("{FAE04EC0-301F-11D3-BF4B-00C04F79EFBC}") = "Dockerize", "Dockerize\Dockerize.csproj", "{D8B694B2-FCE0-4A96-8B3D-4E575442CFD1}"
EndProject
Project("{FAE04EC0-301F-11D3-BF4B-00C04F79EFBC}") = "WebApi", "WebApi\WebApi.csproj", "{DD0B15F8-E282-4C50-9EE5-50640093A043}"
EndProject
Global
	GlobalSection(SolutionConfigurationPlatforms) = preSolution
		Debug|Any CPU = Debug|Any CPU
		Release|Any CPU = Release|Any CPU
	EndGlobalSection
	GlobalSection(ProjectConfigurationPlatforms) = postSolution
		{D8B694B2-FCE0-4A96-8B3D-4E575442CFD1}.Debug|Any CPU.ActiveCfg = Debug|Any CPU
		{D8B694B2-FCE0-4A96-8B3D-4E575442CFD1}.Debug|Any CPU.Build.0 = Debug|Any CPU
		{D8B694B2-FCE0-4A96-8B3D-4E575442CFD1}.Release|Any CPU.ActiveCfg = Release|Any CPU
		{D8B694B2-FCE0-4A96-8B3D-4E575442CFD1}.Release|Any CPU.Build.0 = Release|Any CPU
		{DD0B15F8-E282-4C50-9EE5-50640093A043}.Debug|Any CPU.ActiveCfg = Debug|Any CPU
		{DD0B15F8-E282-4C50-9EE5-50640093A043}.Debug|Any CPU.Build.0 = Debug|Any CPU
		{DD0B15F8-E282-4C50-9EE5-50640093A043}.Release|Any CPU.ActiveCfg = Release|Any CPU
		{DD0B15F8-E282-4C50-9EE5-50640093A043}.Release|Any CPU.Build.0 = Release|Any CPU
	EndGlobalSection
EndGlobal
